
Microsoft Visual Studio Solution File, Format Version 12.00
# Visual Studio 15
VisualStudioVersion = 15.0.28307.438
MinimumVisualStudioVersion = 10.0.40219.1
Project("{9A19103F-16F7-4668-BE54-9A1E7A4F7556}") = "RFID.REST", "RFID.REST\RFID.REST.csproj", "{1633767E-7EB7-4B71-B586-0AAF1AEC7966}"
EndProject
Project("{9A19103F-16F7-4668-BE54-9A1E7A4F7556}") = "RFID.REST.Test", "RFID.REST.Test\RFID.REST.Test.csproj", "{BFBE38D4-DACA-49AF-B056-FB93BB6192C2}"
EndProject
Project("{9A19103F-16F7-4668-BE54-9A1E7A4F7556}") = "RFID.Seed", "RFID.Seed\RFID.Seed.csproj", "{19A3D75C-7946-40CB-A292-9188DE5A7EEF}"
EndProject
Project("{FAE04EC0-301F-11D3-BF4B-00C04F79EFBC}") = "RFID.Sim", "RFID.Sim\RFID.Sim.csproj", "{DE37A7BC-9DEF-4597-8B8B-5FFCDA00DEBC}"
EndProject
Global
	GlobalSection(SolutionConfigurationPlatforms) = preSolution
		Debug|Any CPU = Debug|Any CPU
		Release|Any CPU = Release|Any CPU
	EndGlobalSection
	GlobalSection(ProjectConfigurationPlatforms) = postSolution
		{1633767E-7EB7-4B71-B586-0AAF1AEC7966}.Debug|Any CPU.ActiveCfg = Debug|Any CPU
		{1633767E-7EB7-4B71-B586-0AAF1AEC7966}.Debug|Any CPU.Build.0 = Debug|Any CPU
		{1633767E-7EB7-4B71-B586-0AAF1AEC7966}.Release|Any CPU.ActiveCfg = Release|Any CPU
		{1633767E-7EB7-4B71-B586-0AAF1AEC7966}.Release|Any CPU.Build.0 = Release|Any CPU
		{BFBE38D4-DACA-49AF-B056-FB93BB6192C2}.Debug|Any CPU.ActiveCfg = Debug|Any CPU
		{BFBE38D4-DACA-49AF-B056-FB93BB6192C2}.Debug|Any CPU.Build.0 = Debug|Any CPU
		{BFBE38D4-DACA-49AF-B056-FB93BB6192C2}.Release|Any CPU.ActiveCfg = Release|Any CPU
		{BFBE38D4-DACA-49AF-B056-FB93BB6192C2}.Release|Any CPU.Build.0 = Release|Any CPU
		{19A3D75C-7946-40CB-A292-9188DE5A7EEF}.Debug|Any CPU.ActiveCfg = Debug|Any CPU
		{19A3D75C-7946-40CB-A292-9188DE5A7EEF}.Debug|Any CPU.Build.0 = Debug|Any CPU
		{19A3D75C-7946-40CB-A292-9188DE5A7EEF}.Release|Any CPU.ActiveCfg = Release|Any CPU
		{19A3D75C-7946-40CB-A292-9188DE5A7EEF}.Release|Any CPU.Build.0 = Release|Any CPU
		{DE37A7BC-9DEF-4597-8B8B-5FFCDA00DEBC}.Debug|Any CPU.ActiveCfg = Debug|Any CPU
		{DE37A7BC-9DEF-4597-8B8B-5FFCDA00DEBC}.Debug|Any CPU.Build.0 = Debug|Any CPU
		{DE37A7BC-9DEF-4597-8B8B-5FFCDA00DEBC}.Release|Any CPU.ActiveCfg = Release|Any CPU
		{DE37A7BC-9DEF-4597-8B8B-5FFCDA00DEBC}.Release|Any CPU.Build.0 = Release|Any CPU
	EndGlobalSection
	GlobalSection(SolutionProperties) = preSolution
		HideSolutionNode = FALSE
	EndGlobalSection
	GlobalSection(ExtensibilityGlobals) = postSolution
		SolutionGuid = {9FE6D88F-91D1-41A9-A331-DEC7F178F8A3}
	EndGlobalSection
EndGlobal
